%{"bunt": {:hex, :bunt, "0.1.5"},
  "bypass": {:hex, :bypass, "0.5.1"},
  "certifi": {:hex, :certifi, "0.4.0"},
  "cowboy": {:hex, :cowboy, "1.0.4"},
  "cowlib": {:hex, :cowlib, "1.0.2"},
  "credo": {:hex, :credo, "0.3.13"},
  "crutches": {:hex, :crutches, "1.0.0"},
  "excoveralls": {:hex, :excoveralls, "0.5.4"},
  "exjsx": {:hex, :exjsx, "3.2.0"},
  "hackney": {:hex, :hackney, "1.6.0"},
  "httpoison": {:hex, :httpoison, "0.8.3"},
  "idna": {:hex, :idna, "1.2.0"},
  "jsx": {:hex, :jsx, "2.6.2"},
  "metrics": {:hex, :metrics, "1.0.1"},
  "mimerl": {:hex, :mimerl, "1.0.2"},
  "plug": {:hex, :plug, "1.1.4"},
  "poison": {:hex, :poison, "2.1.0"},
  "ranch": {:hex, :ranch, "1.2.1"},
  "ssl_verify_fun": {:hex, :ssl_verify_fun, "1.1.0"}}
